
Microsoft Visual Studio Solution File, Format Version 12.00
# Visual Studio Version 17
VisualStudioVersion = 17.0.31903.59
MinimumVisualStudioVersion = 10.0.40219.1
Project("{FAE04EC0-301F-11D3-BF4B-00C04F79EFBC}") = "Core", "Core\Core.csproj", "{25148AA1-908E-4E93-A598-ACD58181721E}"
EndProject
Project("{FAE04EC0-301F-11D3-BF4B-00C04F79EFBC}") = "Core.Tests", "Core.Tests\Core.Tests.csproj", "{4E1DE568-C73F-424F-B9AA-066DBB66A2D6}"
EndProject
Project("{FAE04EC0-301F-11D3-BF4B-00C04F79EFBC}") = "Optimizations", "Optimizations\Optimizations.csproj", "{404B82A2-2B8E-40E9-93E2-25BE9F03BCC7}"
EndProject
Project("{FAE04EC0-301F-11D3-BF4B-00C04F79EFBC}") = "Optimizations.Tests", "Optimizations.Tests\Optimizations.Tests.csproj", "{B9C9DC83-138A-41A8-88F5-947592E958F6}"
EndProject
Project("{FAE04EC0-301F-11D3-BF4B-00C04F79EFBC}") = "Persistence", "Persistence\Persistence.csproj", "{4E50FF43-629F-484B-B20A-4560044D6FCA}"
EndProject
Project("{FAE04EC0-301F-11D3-BF4B-00C04F79EFBC}") = "Persistence.Interfaces", "Persistence.Interfaces\Persistence.Interfaces.csproj", "{A8A3320D-7097-4E3A-AF10-4DDF52F65AB2}"
EndProject
Project("{FAE04EC0-301F-11D3-BF4B-00C04F79EFBC}") = "Shared", "Shared\Shared.csproj", "{C54E964C-E83F-4C44-AA96-054137380215}"
EndProject
Global
	GlobalSection(SolutionConfigurationPlatforms) = preSolution
		Debug|Any CPU = Debug|Any CPU
		Release|Any CPU = Release|Any CPU
	EndGlobalSection
	GlobalSection(SolutionProperties) = preSolution
		HideSolutionNode = FALSE
	EndGlobalSection
	GlobalSection(ProjectConfigurationPlatforms) = postSolution
		{25148AA1-908E-4E93-A598-ACD58181721E}.Debug|Any CPU.ActiveCfg = Debug|Any CPU
		{25148AA1-908E-4E93-A598-ACD58181721E}.Debug|Any CPU.Build.0 = Debug|Any CPU
		{25148AA1-908E-4E93-A598-ACD58181721E}.Release|Any CPU.ActiveCfg = Release|Any CPU
		{25148AA1-908E-4E93-A598-ACD58181721E}.Release|Any CPU.Build.0 = Release|Any CPU
		{4E1DE568-C73F-424F-B9AA-066DBB66A2D6}.Debug|Any CPU.ActiveCfg = Debug|Any CPU
		{4E1DE568-C73F-424F-B9AA-066DBB66A2D6}.Debug|Any CPU.Build.0 = Debug|Any CPU
		{4E1DE568-C73F-424F-B9AA-066DBB66A2D6}.Release|Any CPU.ActiveCfg = Release|Any CPU
		{4E1DE568-C73F-424F-B9AA-066DBB66A2D6}.Release|Any CPU.Build.0 = Release|Any CPU
		{404B82A2-2B8E-40E9-93E2-25BE9F03BCC7}.Debug|Any CPU.ActiveCfg = Debug|Any CPU
		{404B82A2-2B8E-40E9-93E2-25BE9F03BCC7}.Debug|Any CPU.Build.0 = Debug|Any CPU
		{404B82A2-2B8E-40E9-93E2-25BE9F03BCC7}.Release|Any CPU.ActiveCfg = Release|Any CPU
		{404B82A2-2B8E-40E9-93E2-25BE9F03BCC7}.Release|Any CPU.Build.0 = Release|Any CPU
		{B9C9DC83-138A-41A8-88F5-947592E958F6}.Debug|Any CPU.ActiveCfg = Debug|Any CPU
		{B9C9DC83-138A-41A8-88F5-947592E958F6}.Debug|Any CPU.Build.0 = Debug|Any CPU
		{B9C9DC83-138A-41A8-88F5-947592E958F6}.Release|Any CPU.ActiveCfg = Release|Any CPU
		{B9C9DC83-138A-41A8-88F5-947592E958F6}.Release|Any CPU.Build.0 = Release|Any CPU
		{4E50FF43-629F-484B-B20A-4560044D6FCA}.Debug|Any CPU.ActiveCfg = Debug|Any CPU
		{4E50FF43-629F-484B-B20A-4560044D6FCA}.Debug|Any CPU.Build.0 = Debug|Any CPU
		{4E50FF43-629F-484B-B20A-4560044D6FCA}.Release|Any CPU.ActiveCfg = Release|Any CPU
		{4E50FF43-629F-484B-B20A-4560044D6FCA}.Release|Any CPU.Build.0 = Release|Any CPU
		{A8A3320D-7097-4E3A-AF10-4DDF52F65AB2}.Debug|Any CPU.ActiveCfg = Debug|Any CPU
		{A8A3320D-7097-4E3A-AF10-4DDF52F65AB2}.Debug|Any CPU.Build.0 = Debug|Any CPU
		{A8A3320D-7097-4E3A-AF10-4DDF52F65AB2}.Release|Any CPU.ActiveCfg = Release|Any CPU
		{A8A3320D-7097-4E3A-AF10-4DDF52F65AB2}.Release|Any CPU.Build.0 = Release|Any CPU
		{C54E964C-E83F-4C44-AA96-054137380215}.Debug|Any CPU.ActiveCfg = Debug|Any CPU
		{C54E964C-E83F-4C44-AA96-054137380215}.Debug|Any CPU.Build.0 = Debug|Any CPU
		{C54E964C-E83F-4C44-AA96-054137380215}.Release|Any CPU.ActiveCfg = Release|Any CPU
		{C54E964C-E83F-4C44-AA96-054137380215}.Release|Any CPU.Build.0 = Release|Any CPU
	EndGlobalSection
EndGlobal
